
Microsoft Visual Studio Solution File, Format Version 12.00
# Visual Studio Version 16
VisualStudioVersion = 16.0.30907.101
MinimumVisualStudioVersion = 10.0.40219.1
Project("{9A19103F-16F7-4668-BE54-9A1E7A4F7556}") = "Ondato", "Ondato_v1\Ondato.csproj", "{FF83F602-4F16-4E5F-BBA6-407A96A03028}"
EndProject
Global
	GlobalSection(SolutionConfigurationPlatforms) = preSolution
		Debug|Any CPU = Debug|Any CPU
		Release|Any CPU = Release|Any CPU
	EndGlobalSection
	GlobalSection(ProjectConfigurationPlatforms) = postSolution
		{FF83F602-4F16-4E5F-BBA6-407A96A03028}.Debug|Any CPU.ActiveCfg = Debug|Any CPU
		{FF83F602-4F16-4E5F-BBA6-407A96A03028}.Debug|Any CPU.Build.0 = Debug|Any CPU
		{FF83F602-4F16-4E5F-BBA6-407A96A03028}.Release|Any CPU.ActiveCfg = Release|Any CPU
		{FF83F602-4F16-4E5F-BBA6-407A96A03028}.Release|Any CPU.Build.0 = Release|Any CPU
	EndGlobalSection
	GlobalSection(SolutionProperties) = preSolution
		HideSolutionNode = FALSE
	EndGlobalSection
	GlobalSection(ExtensibilityGlobals) = postSolution
		SolutionGuid = {496C4FCA-54CD-4BA6-9D03-EC8DBB4CBDD5}
	EndGlobalSection
EndGlobal
